{
  "name": "ZOBACZMY",
  "version": "1.0.0",
  "lockfileVersion": 3,
  "requires": true,
  "packages": {
    "": {
      "name": "ZOBACZMY",
      "version": "1.0.0",
      "license": "ISC",
      "dependencies": {
        "oh-my-error": "^0.1.1"
      }
    },
    "node_modules/oh-my-error": {
      "version": "0.1.1",
      "resolved": "https://registry.npmjs.org/oh-my-error/-/oh-my-error-0.1.1.tgz",
      "integrity": "sha512-w9jyt2igqa+bIEvqrCFPTjs+dOokpctx93JZno9nfvNJ5BWuMmiid4/R6TfMFbwPRfduDARoyRGC0zOS5dTfGA==",
      "engines": {
        "node": ">=18"
      }
    }
  }
}
